
Microsoft Visual Studio Solution File, Format Version 12.00
# Visual Studio 2012
Project("{FAE04EC0-301F-11D3-BF4B-00C04F79EFBC}") = "SampleSolrApp", "SampleSolrApp\SampleSolrApp.csproj", "{431E8542-B8E4-4F37-8F91-50E8BA4156EA}"
EndProject
Project("{FAE04EC0-301F-11D3-BF4B-00C04F79EFBC}") = "SampleSolrApp.Tests", "SampleSolrApp.Tests\SampleSolrApp.Tests.csproj", "{CBABA824-232A-48B7-BDBF-7F43C64F8EA1}"
EndProject
Global
	GlobalSection(SolutionConfigurationPlatforms) = preSolution
		Debug|Any CPU = Debug|Any CPU
		Release|Any CPU = Release|Any CPU
	EndGlobalSection
	GlobalSection(ProjectConfigurationPlatforms) = postSolution
		{431E8542-B8E4-4F37-8F91-50E8BA4156EA}.Debug|Any CPU.ActiveCfg = Debug|Any CPU
		{431E8542-B8E4-4F37-8F91-50E8BA4156EA}.Debug|Any CPU.Build.0 = Debug|Any CPU
		{431E8542-B8E4-4F37-8F91-50E8BA4156EA}.Release|Any CPU.ActiveCfg = Release|Any CPU
		{431E8542-B8E4-4F37-8F91-50E8BA4156EA}.Release|Any CPU.Build.0 = Release|Any CPU
		{CBABA824-232A-48B7-BDBF-7F43C64F8EA1}.Debug|Any CPU.ActiveCfg = Debug|Any CPU
		{CBABA824-232A-48B7-BDBF-7F43C64F8EA1}.Debug|Any CPU.Build.0 = Debug|Any CPU
		{CBABA824-232A-48B7-BDBF-7F43C64F8EA1}.Release|Any CPU.ActiveCfg = Release|Any CPU
		{CBABA824-232A-48B7-BDBF-7F43C64F8EA1}.Release|Any CPU.Build.0 = Release|Any CPU
	EndGlobalSection
	GlobalSection(SolutionProperties) = preSolution
		HideSolutionNode = FALSE
	EndGlobalSection
EndGlobal
