
Microsoft Visual Studio Solution File, Format Version 12.00
# Visual Studio Version 16
VisualStudioVersion = 16.0.29102.190
MinimumVisualStudioVersion = 10.0.40219.1
Project("{9A19103F-16F7-4668-BE54-9A1E7A4F7556}") = "SolrNet", "SolrNet\SolrNet.csproj", "{CEEB8690-3E08-4440-B647-787A58E71CFA}"
EndProject
Project("{9A19103F-16F7-4668-BE54-9A1E7A4F7556}") = "SolrNet.Tests", "SolrNet.Tests\SolrNet.Tests.csproj", "{F3FE6EF5-CF5C-4461-8691-4A498A463FD5}"
EndProject
Project("{9A19103F-16F7-4668-BE54-9A1E7A4F7556}") = "Castle.Facilities.SolrNetIntegration", "Castle.Facilities.SolrNetIntegration\Castle.Facilities.SolrNetIntegration.csproj", "{0F21F5B6-5986-4301-B0F7-FD9800DB8091}"
EndProject
Project("{9A19103F-16F7-4668-BE54-9A1E7A4F7556}") = "Castle.Facilities.SolrNetIntegration.Tests", "Castle.Facilities.SolrNetIntegration.Tests\Castle.Facilities.SolrNetIntegration.Tests.csproj", "{3D3D5F34-2C51-4197-BB11-5D28EFB75E5D}"
EndProject
Project("{9A19103F-16F7-4668-BE54-9A1E7A4F7556}") = "Ninject.Integration.SolrNet.Tests", "Ninject.Integration.SolrNet.Tests\Ninject.Integration.SolrNet.Tests.csproj", "{08D59BEE-EC70-4AC8-B6F6-3088B81A6251}"
EndProject
Project("{9A19103F-16F7-4668-BE54-9A1E7A4F7556}") = "Ninject.Integration.SolrNet", "Ninject.Integration.SolrNet\Ninject.Integration.SolrNet.csproj", "{6E5FBF52-EB19-4F68-AD7E-78DACDDF627D}"
EndProject
Project("{9A19103F-16F7-4668-BE54-9A1E7A4F7556}") = "StructureMap.SolrNetIntegration", "StructureMap.SolrNetIntegration\StructureMap.SolrNetIntegration.csproj", "{A14DE28E-596D-45E0-9BBE-4E85CD5D1B04}"
EndProject
Project("{9A19103F-16F7-4668-BE54-9A1E7A4F7556}") = "StructureMap.SolrNetIntegration.Tests", "StructureMap.SolrNetIntegration.Tests\StructureMap.SolrNetIntegration.Tests.csproj", "{9D497D73-1E2F-4CA2-B518-93919BCC5A6D}"
EndProject
Project("{9A19103F-16F7-4668-BE54-9A1E7A4F7556}") = "AutofacContrib.SolrNet", "AutofacContrib.SolrNet\AutofacContrib.SolrNet.csproj", "{931CEB14-556F-4893-A8D9-C7C6DACA444F}"
EndProject
Project("{9A19103F-16F7-4668-BE54-9A1E7A4F7556}") = "AutofacContrib.SolrNet.Tests", "AutofacContrib.SolrNet.Tests\AutofacContrib.SolrNet.Tests.csproj", "{77E47E7C-2CEE-406A-B344-9699DA0F1851}"
EndProject
Project("{9A19103F-16F7-4668-BE54-9A1E7A4F7556}") = "Unity.SolrNetIntegration", "Unity.SolrNetIntegration\Unity.SolrNetIntegration.csproj", "{7645E009-0ADC-420E-B00D-3745934E6AB1}"
EndProject
Project("{9A19103F-16F7-4668-BE54-9A1E7A4F7556}") = "Unity.SolrNetIntegration.Tests", "Unity.SolrNetIntegration.Tests\Unity.SolrNetIntegration.Tests.csproj", "{3E29AED1-1680-4EC0-9499-F6B8FB8C1CC9}"
EndProject
Project("{9A19103F-16F7-4668-BE54-9A1E7A4F7556}") = "SolrNet.Tests.Integration", "SolrNet.Tests.Integration\SolrNet.Tests.Integration.csproj", "{4BC966D4-2EC0-47FF-B784-B649BFAABD81}"
EndProject
Project("{9A19103F-16F7-4668-BE54-9A1E7A4F7556}") = "Microsoft.DependencyInjection.SolrNet", "Microsoft.DependencyInjection.SolrNet\Microsoft.DependencyInjection.SolrNet.csproj", "{8EED7D76-F9CA-40D5-B86E-A34A16795286}"
EndProject
Project("{9A19103F-16F7-4668-BE54-9A1E7A4F7556}") = "Microsoft.DependencyInjection.SolrNet.Tests", "Microsoft.DependencyInjection.SolrNet.Tests\Microsoft.DependencyInjection.SolrNet.Tests.csproj", "{042745E4-2750-41B5-9CCD-5156029CB6B6}"
EndProject
Project("{9A19103F-16F7-4668-BE54-9A1E7A4F7556}") = "CommonServiceLocator.SolrNet", "CommonServiceLocator.SolrNet\CommonServiceLocator.SolrNet.csproj", "{17B34150-5102-435B-A487-84DD5803A228}"
EndProject
Project("{9A19103F-16F7-4668-BE54-9A1E7A4F7556}") = "CommonServiceLocator.SolrNet.Tests", "CommonServiceLocator.SolrNet.Tests\CommonServiceLocator.SolrNet.Tests.csproj", "{0988D6A2-04FD-4328-AFFA-677DB377432D}"
EndProject
Project("{9A19103F-16F7-4668-BE54-9A1E7A4F7556}") = "CommonServiceLocator.SolrNet.Cloud", "CommonServiceLocator.SolrNet.Cloud\CommonServiceLocator.SolrNet.Cloud.csproj", "{63538CF2-62C5-4F5A-99B2-9F14896AFB98}"
EndProject
Project("{9A19103F-16F7-4668-BE54-9A1E7A4F7556}") = "SolrNet.Cloud", "SolrNet.Cloud\SolrNet.Cloud.csproj", "{BDA98C34-3B00-4B1F-B850-9C776FEDE8E3}"
EndProject
Project("{FAE04EC0-301F-11D3-BF4B-00C04F79EFBC}") = "SolrNet.Cloud.Tests", "SolrNet.Cloud.Tests\SolrNet.Cloud.Tests.csproj", "{C4FF031C-FB88-4186-9305-B180A07EC7DA}"
EndProject
Project("{9A19103F-16F7-4668-BE54-9A1E7A4F7556}") = "Unity.SolrNetCloudIntegration", "Unity.SolrNetCloudIntegration\Unity.SolrNetCloudIntegration.csproj", "{7B507754-C877-4DE7-AE2A-19CF5191C95E}"
EndProject
Project("{9A19103F-16F7-4668-BE54-9A1E7A4F7556}") = "SolrNet.Tests.Common", "SolrNet.Tests.Common\SolrNet.Tests.Common.csproj", "{48DA5170-B96E-485C-941D-0D7797DCA0EF}"
EndProject
Project("{2150E333-8FDC-42A3-9474-1A3956D46DE8}") = "Tests", "Tests", "{C167AD0C-270B-4297-94C5-BE5548AA6038}"
EndProject
Project("{9A19103F-16F7-4668-BE54-9A1E7A4F7556}") = "SimpleInjector.SolrNet.Tests", "SimpleInjector.SolrNet.Tests\SimpleInjector.SolrNet.Tests.csproj", "{110F4D69-8F08-42F5-97DB-B0A42B3107AC}"
EndProject
Project("{9A19103F-16F7-4668-BE54-9A1E7A4F7556}") = "SimpleInjector.SolrNet", "SimpleInjector.SolrNet\SimpleInjector.SolrNet.csproj", "{D1A5AF1A-CB44-4079-85C6-08D8F74CFF21}"
EndProject
Project("{9A19103F-16F7-4668-BE54-9A1E7A4F7556}") = "AutofacContrib.SolrNetCloud", "AutofacContrib.SolrNetCloud\AutofacContrib.SolrNetCloud.csproj", "{10226C1F-3DE4-4C8C-845F-24D520D6696F}"
EndProject
Project("{9A19103F-16F7-4668-BE54-9A1E7A4F7556}") = "LightInject.SolrNet.Tests", "LightInject.SolrNet.Tests\LightInject.SolrNet.Tests.csproj", "{82DB35C4-2E5B-44CD-81A2-9E66C9AC933C}"
EndProject
Project("{9A19103F-16F7-4668-BE54-9A1E7A4F7556}") = "LightInject.SolrNet", "LightInject.SolrNet\LightInject.SolrNet.csproj", "{99F980E6-E337-47E5-A39E-CD78B5EAC374}"
EndProject
Global
	GlobalSection(SolutionConfigurationPlatforms) = preSolution
		Debug|Any CPU = Debug|Any CPU
		Release|Any CPU = Release|Any CPU
	EndGlobalSection
	GlobalSection(ProjectConfigurationPlatforms) = postSolution
		{CEEB8690-3E08-4440-B647-787A58E71CFA}.Debug|Any CPU.ActiveCfg = Debug|Any CPU
		{CEEB8690-3E08-4440-B647-787A58E71CFA}.Debug|Any CPU.Build.0 = Debug|Any CPU
		{CEEB8690-3E08-4440-B647-787A58E71CFA}.Release|Any CPU.ActiveCfg = Release|Any CPU
		{CEEB8690-3E08-4440-B647-787A58E71CFA}.Release|Any CPU.Build.0 = Release|Any CPU
		{F3FE6EF5-CF5C-4461-8691-4A498A463FD5}.Debug|Any CPU.ActiveCfg = Debug|Any CPU
		{F3FE6EF5-CF5C-4461-8691-4A498A463FD5}.Debug|Any CPU.Build.0 = Debug|Any CPU
		{F3FE6EF5-CF5C-4461-8691-4A498A463FD5}.Release|Any CPU.ActiveCfg = Release|Any CPU
		{F3FE6EF5-CF5C-4461-8691-4A498A463FD5}.Release|Any CPU.Build.0 = Release|Any CPU
		{0F21F5B6-5986-4301-B0F7-FD9800DB8091}.Debug|Any CPU.ActiveCfg = Debug|Any CPU
		{0F21F5B6-5986-4301-B0F7-FD9800DB8091}.Debug|Any CPU.Build.0 = Debug|Any CPU
		{0F21F5B6-5986-4301-B0F7-FD9800DB8091}.Release|Any CPU.ActiveCfg = Release|Any CPU
		{0F21F5B6-5986-4301-B0F7-FD9800DB8091}.Release|Any CPU.Build.0 = Release|Any CPU
		{3D3D5F34-2C51-4197-BB11-5D28EFB75E5D}.Debug|Any CPU.ActiveCfg = Debug|Any CPU
		{3D3D5F34-2C51-4197-BB11-5D28EFB75E5D}.Debug|Any CPU.Build.0 = Debug|Any CPU
		{3D3D5F34-2C51-4197-BB11-5D28EFB75E5D}.Release|Any CPU.ActiveCfg = Release|Any CPU
		{3D3D5F34-2C51-4197-BB11-5D28EFB75E5D}.Release|Any CPU.Build.0 = Release|Any CPU
		{08D59BEE-EC70-4AC8-B6F6-3088B81A6251}.Debug|Any CPU.ActiveCfg = Debug|Any CPU
		{08D59BEE-EC70-4AC8-B6F6-3088B81A6251}.Debug|Any CPU.Build.0 = Debug|Any CPU
		{08D59BEE-EC70-4AC8-B6F6-3088B81A6251}.Release|Any CPU.ActiveCfg = Release|Any CPU
		{08D59BEE-EC70-4AC8-B6F6-3088B81A6251}.Release|Any CPU.Build.0 = Release|Any CPU
		{6E5FBF52-EB19-4F68-AD7E-78DACDDF627D}.Debug|Any CPU.ActiveCfg = Debug|Any CPU
		{6E5FBF52-EB19-4F68-AD7E-78DACDDF627D}.Debug|Any CPU.Build.0 = Debug|Any CPU
		{6E5FBF52-EB19-4F68-AD7E-78DACDDF627D}.Release|Any CPU.ActiveCfg = Release|Any CPU
		{6E5FBF52-EB19-4F68-AD7E-78DACDDF627D}.Release|Any CPU.Build.0 = Release|Any CPU
		{A14DE28E-596D-45E0-9BBE-4E85CD5D1B04}.Debug|Any CPU.ActiveCfg = Debug|Any CPU
		{A14DE28E-596D-45E0-9BBE-4E85CD5D1B04}.Debug|Any CPU.Build.0 = Debug|Any CPU
		{A14DE28E-596D-45E0-9BBE-4E85CD5D1B04}.Release|Any CPU.ActiveCfg = Release|Any CPU
		{A14DE28E-596D-45E0-9BBE-4E85CD5D1B04}.Release|Any CPU.Build.0 = Release|Any CPU
		{9D497D73-1E2F-4CA2-B518-93919BCC5A6D}.Debug|Any CPU.ActiveCfg = Debug|Any CPU
		{9D497D73-1E2F-4CA2-B518-93919BCC5A6D}.Debug|Any CPU.Build.0 = Debug|Any CPU
		{9D497D73-1E2F-4CA2-B518-93919BCC5A6D}.Release|Any CPU.ActiveCfg = Release|Any CPU
		{9D497D73-1E2F-4CA2-B518-93919BCC5A6D}.Release|Any CPU.Build.0 = Release|Any CPU
		{931CEB14-556F-4893-A8D9-C7C6DACA444F}.Debug|Any CPU.ActiveCfg = Debug|Any CPU
		{931CEB14-556F-4893-A8D9-C7C6DACA444F}.Debug|Any CPU.Build.0 = Debug|Any CPU
		{931CEB14-556F-4893-A8D9-C7C6DACA444F}.Release|Any CPU.ActiveCfg = Release|Any CPU
		{931CEB14-556F-4893-A8D9-C7C6DACA444F}.Release|Any CPU.Build.0 = Release|Any CPU
		{77E47E7C-2CEE-406A-B344-9699DA0F1851}.Debug|Any CPU.ActiveCfg = Debug|Any CPU
		{77E47E7C-2CEE-406A-B344-9699DA0F1851}.Debug|Any CPU.Build.0 = Debug|Any CPU
		{77E47E7C-2CEE-406A-B344-9699DA0F1851}.Release|Any CPU.ActiveCfg = Release|Any CPU
		{77E47E7C-2CEE-406A-B344-9699DA0F1851}.Release|Any CPU.Build.0 = Release|Any CPU
		{7645E009-0ADC-420E-B00D-3745934E6AB1}.Debug|Any CPU.ActiveCfg = Debug|Any CPU
		{7645E009-0ADC-420E-B00D-3745934E6AB1}.Debug|Any CPU.Build.0 = Debug|Any CPU
		{7645E009-0ADC-420E-B00D-3745934E6AB1}.Release|Any CPU.ActiveCfg = Release|Any CPU
		{7645E009-0ADC-420E-B00D-3745934E6AB1}.Release|Any CPU.Build.0 = Release|Any CPU
		{3E29AED1-1680-4EC0-9499-F6B8FB8C1CC9}.Debug|Any CPU.ActiveCfg = Debug|Any CPU
		{3E29AED1-1680-4EC0-9499-F6B8FB8C1CC9}.Debug|Any CPU.Build.0 = Debug|Any CPU
		{3E29AED1-1680-4EC0-9499-F6B8FB8C1CC9}.Release|Any CPU.ActiveCfg = Release|Any CPU
		{3E29AED1-1680-4EC0-9499-F6B8FB8C1CC9}.Release|Any CPU.Build.0 = Release|Any CPU
		{4BC966D4-2EC0-47FF-B784-B649BFAABD81}.Debug|Any CPU.ActiveCfg = Debug|Any CPU
		{4BC966D4-2EC0-47FF-B784-B649BFAABD81}.Debug|Any CPU.Build.0 = Debug|Any CPU
		{4BC966D4-2EC0-47FF-B784-B649BFAABD81}.Release|Any CPU.ActiveCfg = Release|Any CPU
		{4BC966D4-2EC0-47FF-B784-B649BFAABD81}.Release|Any CPU.Build.0 = Release|Any CPU
		{8EED7D76-F9CA-40D5-B86E-A34A16795286}.Debug|Any CPU.ActiveCfg = Debug|Any CPU
		{8EED7D76-F9CA-40D5-B86E-A34A16795286}.Debug|Any CPU.Build.0 = Debug|Any CPU
		{8EED7D76-F9CA-40D5-B86E-A34A16795286}.Release|Any CPU.ActiveCfg = Release|Any CPU
		{8EED7D76-F9CA-40D5-B86E-A34A16795286}.Release|Any CPU.Build.0 = Release|Any CPU
		{042745E4-2750-41B5-9CCD-5156029CB6B6}.Debug|Any CPU.ActiveCfg = Debug|Any CPU
		{042745E4-2750-41B5-9CCD-5156029CB6B6}.Debug|Any CPU.Build.0 = Debug|Any CPU
		{042745E4-2750-41B5-9CCD-5156029CB6B6}.Release|Any CPU.ActiveCfg = Release|Any CPU
		{042745E4-2750-41B5-9CCD-5156029CB6B6}.Release|Any CPU.Build.0 = Release|Any CPU
		{17B34150-5102-435B-A487-84DD5803A228}.Debug|Any CPU.ActiveCfg = Debug|Any CPU
		{17B34150-5102-435B-A487-84DD5803A228}.Debug|Any CPU.Build.0 = Debug|Any CPU
		{17B34150-5102-435B-A487-84DD5803A228}.Release|Any CPU.ActiveCfg = Release|Any CPU
		{17B34150-5102-435B-A487-84DD5803A228}.Release|Any CPU.Build.0 = Release|Any CPU
		{0988D6A2-04FD-4328-AFFA-677DB377432D}.Debug|Any CPU.ActiveCfg = Debug|Any CPU
		{0988D6A2-04FD-4328-AFFA-677DB377432D}.Debug|Any CPU.Build.0 = Debug|Any CPU
		{0988D6A2-04FD-4328-AFFA-677DB377432D}.Release|Any CPU.ActiveCfg = Release|Any CPU
		{0988D6A2-04FD-4328-AFFA-677DB377432D}.Release|Any CPU.Build.0 = Release|Any CPU
		{63538CF2-62C5-4F5A-99B2-9F14896AFB98}.Debug|Any CPU.ActiveCfg = Debug|Any CPU
		{63538CF2-62C5-4F5A-99B2-9F14896AFB98}.Debug|Any CPU.Build.0 = Debug|Any CPU
		{63538CF2-62C5-4F5A-99B2-9F14896AFB98}.Release|Any CPU.ActiveCfg = Release|Any CPU
		{63538CF2-62C5-4F5A-99B2-9F14896AFB98}.Release|Any CPU.Build.0 = Release|Any CPU
		{BDA98C34-3B00-4B1F-B850-9C776FEDE8E3}.Debug|Any CPU.ActiveCfg = Debug|Any CPU
		{BDA98C34-3B00-4B1F-B850-9C776FEDE8E3}.Debug|Any CPU.Build.0 = Debug|Any CPU
		{BDA98C34-3B00-4B1F-B850-9C776FEDE8E3}.Release|Any CPU.ActiveCfg = Release|Any CPU
		{BDA98C34-3B00-4B1F-B850-9C776FEDE8E3}.Release|Any CPU.Build.0 = Release|Any CPU
		{C4FF031C-FB88-4186-9305-B180A07EC7DA}.Debug|Any CPU.ActiveCfg = Debug|Any CPU
		{C4FF031C-FB88-4186-9305-B180A07EC7DA}.Debug|Any CPU.Build.0 = Debug|Any CPU
		{C4FF031C-FB88-4186-9305-B180A07EC7DA}.Release|Any CPU.ActiveCfg = Release|Any CPU
		{C4FF031C-FB88-4186-9305-B180A07EC7DA}.Release|Any CPU.Build.0 = Release|Any CPU
		{7B507754-C877-4DE7-AE2A-19CF5191C95E}.Debug|Any CPU.ActiveCfg = Debug|Any CPU
		{7B507754-C877-4DE7-AE2A-19CF5191C95E}.Debug|Any CPU.Build.0 = Debug|Any CPU
		{7B507754-C877-4DE7-AE2A-19CF5191C95E}.Release|Any CPU.ActiveCfg = Release|Any CPU
		{7B507754-C877-4DE7-AE2A-19CF5191C95E}.Release|Any CPU.Build.0 = Release|Any CPU
		{48DA5170-B96E-485C-941D-0D7797DCA0EF}.Debug|Any CPU.ActiveCfg = Debug|Any CPU
		{48DA5170-B96E-485C-941D-0D7797DCA0EF}.Debug|Any CPU.Build.0 = Debug|Any CPU
		{48DA5170-B96E-485C-941D-0D7797DCA0EF}.Release|Any CPU.ActiveCfg = Release|Any CPU
		{48DA5170-B96E-485C-941D-0D7797DCA0EF}.Release|Any CPU.Build.0 = Release|Any CPU
		{110F4D69-8F08-42F5-97DB-B0A42B3107AC}.Debug|Any CPU.ActiveCfg = Debug|Any CPU
		{110F4D69-8F08-42F5-97DB-B0A42B3107AC}.Debug|Any CPU.Build.0 = Debug|Any CPU
		{110F4D69-8F08-42F5-97DB-B0A42B3107AC}.Release|Any CPU.ActiveCfg = Release|Any CPU
		{110F4D69-8F08-42F5-97DB-B0A42B3107AC}.Release|Any CPU.Build.0 = Release|Any CPU
		{D1A5AF1A-CB44-4079-85C6-08D8F74CFF21}.Debug|Any CPU.ActiveCfg = Debug|Any CPU
		{D1A5AF1A-CB44-4079-85C6-08D8F74CFF21}.Debug|Any CPU.Build.0 = Debug|Any CPU
		{D1A5AF1A-CB44-4079-85C6-08D8F74CFF21}.Release|Any CPU.ActiveCfg = Release|Any CPU
		{D1A5AF1A-CB44-4079-85C6-08D8F74CFF21}.Release|Any CPU.Build.0 = Release|Any CPU
		{10226C1F-3DE4-4C8C-845F-24D520D6696F}.Debug|Any CPU.ActiveCfg = Debug|Any CPU
		{10226C1F-3DE4-4C8C-845F-24D520D6696F}.Debug|Any CPU.Build.0 = Debug|Any CPU
		{10226C1F-3DE4-4C8C-845F-24D520D6696F}.Release|Any CPU.ActiveCfg = Release|Any CPU
		{10226C1F-3DE4-4C8C-845F-24D520D6696F}.Release|Any CPU.Build.0 = Release|Any CPU
		{82DB35C4-2E5B-44CD-81A2-9E66C9AC933C}.Debug|Any CPU.ActiveCfg = Debug|Any CPU
		{82DB35C4-2E5B-44CD-81A2-9E66C9AC933C}.Debug|Any CPU.Build.0 = Debug|Any CPU
		{82DB35C4-2E5B-44CD-81A2-9E66C9AC933C}.Release|Any CPU.ActiveCfg = Release|Any CPU
		{82DB35C4-2E5B-44CD-81A2-9E66C9AC933C}.Release|Any CPU.Build.0 = Release|Any CPU
		{99F980E6-E337-47E5-A39E-CD78B5EAC374}.Debug|Any CPU.ActiveCfg = Debug|Any CPU
		{99F980E6-E337-47E5-A39E-CD78B5EAC374}.Debug|Any CPU.Build.0 = Debug|Any CPU
		{99F980E6-E337-47E5-A39E-CD78B5EAC374}.Release|Any CPU.ActiveCfg = Release|Any CPU
		{99F980E6-E337-47E5-A39E-CD78B5EAC374}.Release|Any CPU.Build.0 = Release|Any CPU
	EndGlobalSection
	GlobalSection(SolutionProperties) = preSolution
		HideSolutionNode = FALSE
	EndGlobalSection
	GlobalSection(NestedProjects) = preSolution
		{F3FE6EF5-CF5C-4461-8691-4A498A463FD5} = {C167AD0C-270B-4297-94C5-BE5548AA6038}
		{3D3D5F34-2C51-4197-BB11-5D28EFB75E5D} = {C167AD0C-270B-4297-94C5-BE5548AA6038}
		{08D59BEE-EC70-4AC8-B6F6-3088B81A6251} = {C167AD0C-270B-4297-94C5-BE5548AA6038}
		{9D497D73-1E2F-4CA2-B518-93919BCC5A6D} = {C167AD0C-270B-4297-94C5-BE5548AA6038}
		{77E47E7C-2CEE-406A-B344-9699DA0F1851} = {C167AD0C-270B-4297-94C5-BE5548AA6038}
		{3E29AED1-1680-4EC0-9499-F6B8FB8C1CC9} = {C167AD0C-270B-4297-94C5-BE5548AA6038}
		{4BC966D4-2EC0-47FF-B784-B649BFAABD81} = {C167AD0C-270B-4297-94C5-BE5548AA6038}
		{042745E4-2750-41B5-9CCD-5156029CB6B6} = {C167AD0C-270B-4297-94C5-BE5548AA6038}
		{0988D6A2-04FD-4328-AFFA-677DB377432D} = {C167AD0C-270B-4297-94C5-BE5548AA6038}
		{C4FF031C-FB88-4186-9305-B180A07EC7DA} = {C167AD0C-270B-4297-94C5-BE5548AA6038}
		{48DA5170-B96E-485C-941D-0D7797DCA0EF} = {C167AD0C-270B-4297-94C5-BE5548AA6038}
		{110F4D69-8F08-42F5-97DB-B0A42B3107AC} = {C167AD0C-270B-4297-94C5-BE5548AA6038}
		{82DB35C4-2E5B-44CD-81A2-9E66C9AC933C} = {C167AD0C-270B-4297-94C5-BE5548AA6038}
	EndGlobalSection
	GlobalSection(ExtensibilityGlobals) = postSolution
		SolutionGuid = {BC12CF2E-A108-47A2-B60C-A17B3102D52D}
		EnterpriseLibraryConfigurationToolBinariesPathV6 = packages\EnterpriseLibrary.Common.6.0.1304.0\lib\NET45
	EndGlobalSection
EndGlobal
