
Microsoft Visual Studio Solution File, Format Version 12.00
# Visual Studio 2012
Project("{2150E333-8FDC-42A3-9474-1A3956D46DE8}") = "Solution Items", "Solution Items", "{26EBA068-9BBB-4FEC-B425-787D4AE99848}"
	ProjectSection(SolutionItems) = preProject
		build.fsx = build.fsx
		fake.fsx = fake.fsx
	EndProjectSection
EndProject
Project("{FAE04EC0-301F-11D3-BF4B-00C04F79EFBC}") = "SolrNet", "SolrNet\SolrNet.csproj", "{CEEB8690-3E08-4440-B647-787A58E71CFA}"
EndProject
Project("{FAE04EC0-301F-11D3-BF4B-00C04F79EFBC}") = "SolrNet.Tests", "SolrNet.Tests\SolrNet.Tests.csproj", "{F3FE6EF5-CF5C-4461-8691-4A498A463FD5}"
EndProject
Project("{FAE04EC0-301F-11D3-BF4B-00C04F79EFBC}") = "HttpWebAdapters", "HttpWebAdapters\HttpWebAdapters.csproj", "{AE7D2A46-3F67-4986-B04B-7DCE79A549A5}"
EndProject
Project("{FAE04EC0-301F-11D3-BF4B-00C04F79EFBC}") = "SolrNet.DSL", "SolrNet.DSL\SolrNet.DSL.csproj", "{385E2EC3-885B-43D5-A86B-955692058BA0}"
EndProject
Project("{FAE04EC0-301F-11D3-BF4B-00C04F79EFBC}") = "SolrNet.DSL.Tests", "SolrNet.DSL.Tests\SolrNet.DSL.Tests.csproj", "{58FA9DC2-97C8-4B2A-892E-B1617854401D}"
EndProject
Project("{FAE04EC0-301F-11D3-BF4B-00C04F79EFBC}") = "Castle.Facilities.SolrNetIntegration", "Castle.Facilities.SolrNetIntegration\Castle.Facilities.SolrNetIntegration.csproj", "{0F21F5B6-5986-4301-B0F7-FD9800DB8091}"
EndProject
Project("{FAE04EC0-301F-11D3-BF4B-00C04F79EFBC}") = "Castle.Facilities.SolrNetIntegration.Tests", "Castle.Facilities.SolrNetIntegration.Tests\Castle.Facilities.SolrNetIntegration.Tests.csproj", "{3D3D5F34-2C51-4197-BB11-5D28EFB75E5D}"
EndProject
Project("{FAE04EC0-301F-11D3-BF4B-00C04F79EFBC}") = "Ninject.Integration.SolrNet.Tests", "Ninject.Integration.SolrNet.Tests\Ninject.Integration.SolrNet.Tests.csproj", "{08D59BEE-EC70-4AC8-B6F6-3088B81A6251}"
EndProject
Project("{FAE04EC0-301F-11D3-BF4B-00C04F79EFBC}") = "Ninject.Integration.SolrNet", "Ninject.Integration.SolrNet\Ninject.Integration.SolrNet.csproj", "{6E5FBF52-EB19-4F68-AD7E-78DACDDF627D}"
EndProject
Project("{FAE04EC0-301F-11D3-BF4B-00C04F79EFBC}") = "NHibernate.SolrNet.Tests", "NHibernate.SolrNet.Tests\NHibernate.SolrNet.Tests.csproj", "{10FEA661-BAD8-44F6-98CF-4D06516448D6}"
EndProject
Project("{FAE04EC0-301F-11D3-BF4B-00C04F79EFBC}") = "NHibernate.SolrNet", "NHibernate.SolrNet\NHibernate.SolrNet.csproj", "{D3312CD6-C4E8-4903-9B9D-95175B85EEE8}"
EndProject
Project("{FAE04EC0-301F-11D3-BF4B-00C04F79EFBC}") = "StructureMap.SolrNetIntegration", "StructureMap.SolrNetIntegration\StructureMap.SolrNetIntegration.csproj", "{A14DE28E-596D-45E0-9BBE-4E85CD5D1B04}"
EndProject
Project("{FAE04EC0-301F-11D3-BF4B-00C04F79EFBC}") = "StructureMap.SolrNetIntegration.Tests", "StructureMap.SolrNetIntegration.Tests\StructureMap.SolrNetIntegration.Tests.csproj", "{9D497D73-1E2F-4CA2-B518-93919BCC5A6D}"
EndProject
Project("{FAE04EC0-301F-11D3-BF4B-00C04F79EFBC}") = "AutofacContrib.SolrNet", "AutofacContrib.SolrNet\AutofacContrib.SolrNet.csproj", "{931CEB14-556F-4893-A8D9-C7C6DACA444F}"
EndProject
Project("{FAE04EC0-301F-11D3-BF4B-00C04F79EFBC}") = "AutofacContrib.SolrNet.Tests", "AutofacContrib.SolrNet.Tests\AutofacContrib.SolrNet.Tests.csproj", "{77E47E7C-2CEE-406A-B344-9699DA0F1851}"
EndProject
Project("{FAE04EC0-301F-11D3-BF4B-00C04F79EFBC}") = "Unity.SolrNetIntegration", "Unity.SolrNetIntegration\Unity.SolrNetIntegration.csproj", "{7645E009-0ADC-420E-B00D-3745934E6AB1}"
EndProject
Project("{FAE04EC0-301F-11D3-BF4B-00C04F79EFBC}") = "Unity.SolrNetIntegration.Tests", "Unity.SolrNetIntegration.Tests\Unity.SolrNetIntegration.Tests.csproj", "{3E29AED1-1680-4EC0-9499-F6B8FB8C1CC9}"
EndProject
Project("{FAE04EC0-301F-11D3-BF4B-00C04F79EFBC}") = "SolrNet.Tests.Integration", "SolrNet.Tests.Integration\SolrNet.Tests.Integration.csproj", "{4BC966D4-2EC0-47FF-B784-B649BFAABD81}"
EndProject
Global
	GlobalSection(SolutionConfigurationPlatforms) = preSolution
		Debug|Any CPU = Debug|Any CPU
		Release|Any CPU = Release|Any CPU
	EndGlobalSection
	GlobalSection(ProjectConfigurationPlatforms) = postSolution
		{CEEB8690-3E08-4440-B647-787A58E71CFA}.Debug|Any CPU.ActiveCfg = Debug|Any CPU
		{CEEB8690-3E08-4440-B647-787A58E71CFA}.Debug|Any CPU.Build.0 = Debug|Any CPU
		{CEEB8690-3E08-4440-B647-787A58E71CFA}.Release|Any CPU.ActiveCfg = Release|Any CPU
		{CEEB8690-3E08-4440-B647-787A58E71CFA}.Release|Any CPU.Build.0 = Release|Any CPU
		{F3FE6EF5-CF5C-4461-8691-4A498A463FD5}.Debug|Any CPU.ActiveCfg = Debug|Any CPU
		{F3FE6EF5-CF5C-4461-8691-4A498A463FD5}.Debug|Any CPU.Build.0 = Debug|Any CPU
		{F3FE6EF5-CF5C-4461-8691-4A498A463FD5}.Release|Any CPU.ActiveCfg = Release|Any CPU
		{F3FE6EF5-CF5C-4461-8691-4A498A463FD5}.Release|Any CPU.Build.0 = Release|Any CPU
		{AE7D2A46-3F67-4986-B04B-7DCE79A549A5}.Debug|Any CPU.ActiveCfg = Debug|Any CPU
		{AE7D2A46-3F67-4986-B04B-7DCE79A549A5}.Debug|Any CPU.Build.0 = Debug|Any CPU
		{AE7D2A46-3F67-4986-B04B-7DCE79A549A5}.Release|Any CPU.ActiveCfg = Release|Any CPU
		{AE7D2A46-3F67-4986-B04B-7DCE79A549A5}.Release|Any CPU.Build.0 = Release|Any CPU
		{385E2EC3-885B-43D5-A86B-955692058BA0}.Debug|Any CPU.ActiveCfg = Debug|Any CPU
		{385E2EC3-885B-43D5-A86B-955692058BA0}.Debug|Any CPU.Build.0 = Debug|Any CPU
		{385E2EC3-885B-43D5-A86B-955692058BA0}.Release|Any CPU.ActiveCfg = Release|Any CPU
		{385E2EC3-885B-43D5-A86B-955692058BA0}.Release|Any CPU.Build.0 = Release|Any CPU
		{58FA9DC2-97C8-4B2A-892E-B1617854401D}.Debug|Any CPU.ActiveCfg = Debug|Any CPU
		{58FA9DC2-97C8-4B2A-892E-B1617854401D}.Debug|Any CPU.Build.0 = Debug|Any CPU
		{58FA9DC2-97C8-4B2A-892E-B1617854401D}.Release|Any CPU.ActiveCfg = Release|Any CPU
		{58FA9DC2-97C8-4B2A-892E-B1617854401D}.Release|Any CPU.Build.0 = Release|Any CPU
		{0F21F5B6-5986-4301-B0F7-FD9800DB8091}.Debug|Any CPU.ActiveCfg = Debug|Any CPU
		{0F21F5B6-5986-4301-B0F7-FD9800DB8091}.Debug|Any CPU.Build.0 = Debug|Any CPU
		{0F21F5B6-5986-4301-B0F7-FD9800DB8091}.Release|Any CPU.ActiveCfg = Release|Any CPU
		{0F21F5B6-5986-4301-B0F7-FD9800DB8091}.Release|Any CPU.Build.0 = Release|Any CPU
		{3D3D5F34-2C51-4197-BB11-5D28EFB75E5D}.Debug|Any CPU.ActiveCfg = Debug|Any CPU
		{3D3D5F34-2C51-4197-BB11-5D28EFB75E5D}.Debug|Any CPU.Build.0 = Debug|Any CPU
		{3D3D5F34-2C51-4197-BB11-5D28EFB75E5D}.Release|Any CPU.ActiveCfg = Release|Any CPU
		{3D3D5F34-2C51-4197-BB11-5D28EFB75E5D}.Release|Any CPU.Build.0 = Release|Any CPU
		{08D59BEE-EC70-4AC8-B6F6-3088B81A6251}.Debug|Any CPU.ActiveCfg = Debug|Any CPU
		{08D59BEE-EC70-4AC8-B6F6-3088B81A6251}.Debug|Any CPU.Build.0 = Debug|Any CPU
		{08D59BEE-EC70-4AC8-B6F6-3088B81A6251}.Release|Any CPU.ActiveCfg = Release|Any CPU
		{08D59BEE-EC70-4AC8-B6F6-3088B81A6251}.Release|Any CPU.Build.0 = Release|Any CPU
		{6E5FBF52-EB19-4F68-AD7E-78DACDDF627D}.Debug|Any CPU.ActiveCfg = Debug|Any CPU
		{6E5FBF52-EB19-4F68-AD7E-78DACDDF627D}.Debug|Any CPU.Build.0 = Debug|Any CPU
		{6E5FBF52-EB19-4F68-AD7E-78DACDDF627D}.Release|Any CPU.ActiveCfg = Release|Any CPU
		{6E5FBF52-EB19-4F68-AD7E-78DACDDF627D}.Release|Any CPU.Build.0 = Release|Any CPU
		{10FEA661-BAD8-44F6-98CF-4D06516448D6}.Debug|Any CPU.ActiveCfg = Debug|Any CPU
		{10FEA661-BAD8-44F6-98CF-4D06516448D6}.Debug|Any CPU.Build.0 = Debug|Any CPU
		{10FEA661-BAD8-44F6-98CF-4D06516448D6}.Release|Any CPU.ActiveCfg = Release|Any CPU
		{10FEA661-BAD8-44F6-98CF-4D06516448D6}.Release|Any CPU.Build.0 = Release|Any CPU
		{D3312CD6-C4E8-4903-9B9D-95175B85EEE8}.Debug|Any CPU.ActiveCfg = Debug|Any CPU
		{D3312CD6-C4E8-4903-9B9D-95175B85EEE8}.Debug|Any CPU.Build.0 = Debug|Any CPU
		{D3312CD6-C4E8-4903-9B9D-95175B85EEE8}.Release|Any CPU.ActiveCfg = Release|Any CPU
		{D3312CD6-C4E8-4903-9B9D-95175B85EEE8}.Release|Any CPU.Build.0 = Release|Any CPU
		{A14DE28E-596D-45E0-9BBE-4E85CD5D1B04}.Debug|Any CPU.ActiveCfg = Debug|Any CPU
		{A14DE28E-596D-45E0-9BBE-4E85CD5D1B04}.Debug|Any CPU.Build.0 = Debug|Any CPU
		{A14DE28E-596D-45E0-9BBE-4E85CD5D1B04}.Release|Any CPU.ActiveCfg = Release|Any CPU
		{A14DE28E-596D-45E0-9BBE-4E85CD5D1B04}.Release|Any CPU.Build.0 = Release|Any CPU
		{9D497D73-1E2F-4CA2-B518-93919BCC5A6D}.Debug|Any CPU.ActiveCfg = Debug|Any CPU
		{9D497D73-1E2F-4CA2-B518-93919BCC5A6D}.Debug|Any CPU.Build.0 = Debug|Any CPU
		{9D497D73-1E2F-4CA2-B518-93919BCC5A6D}.Release|Any CPU.ActiveCfg = Release|Any CPU
		{9D497D73-1E2F-4CA2-B518-93919BCC5A6D}.Release|Any CPU.Build.0 = Release|Any CPU
		{931CEB14-556F-4893-A8D9-C7C6DACA444F}.Debug|Any CPU.ActiveCfg = Debug|Any CPU
		{931CEB14-556F-4893-A8D9-C7C6DACA444F}.Debug|Any CPU.Build.0 = Debug|Any CPU
		{931CEB14-556F-4893-A8D9-C7C6DACA444F}.Release|Any CPU.ActiveCfg = Release|Any CPU
		{931CEB14-556F-4893-A8D9-C7C6DACA444F}.Release|Any CPU.Build.0 = Release|Any CPU
		{77E47E7C-2CEE-406A-B344-9699DA0F1851}.Debug|Any CPU.ActiveCfg = Debug|Any CPU
		{77E47E7C-2CEE-406A-B344-9699DA0F1851}.Debug|Any CPU.Build.0 = Debug|Any CPU
		{77E47E7C-2CEE-406A-B344-9699DA0F1851}.Release|Any CPU.ActiveCfg = Release|Any CPU
		{77E47E7C-2CEE-406A-B344-9699DA0F1851}.Release|Any CPU.Build.0 = Release|Any CPU
		{7645E009-0ADC-420E-B00D-3745934E6AB1}.Debug|Any CPU.ActiveCfg = Debug|Any CPU
		{7645E009-0ADC-420E-B00D-3745934E6AB1}.Debug|Any CPU.Build.0 = Debug|Any CPU
		{7645E009-0ADC-420E-B00D-3745934E6AB1}.Release|Any CPU.ActiveCfg = Release|Any CPU
		{7645E009-0ADC-420E-B00D-3745934E6AB1}.Release|Any CPU.Build.0 = Release|Any CPU
		{3E29AED1-1680-4EC0-9499-F6B8FB8C1CC9}.Debug|Any CPU.ActiveCfg = Debug|Any CPU
		{3E29AED1-1680-4EC0-9499-F6B8FB8C1CC9}.Debug|Any CPU.Build.0 = Debug|Any CPU
		{3E29AED1-1680-4EC0-9499-F6B8FB8C1CC9}.Release|Any CPU.ActiveCfg = Release|Any CPU
		{3E29AED1-1680-4EC0-9499-F6B8FB8C1CC9}.Release|Any CPU.Build.0 = Release|Any CPU
		{4BC966D4-2EC0-47FF-B784-B649BFAABD81}.Debug|Any CPU.ActiveCfg = Debug|Any CPU
		{4BC966D4-2EC0-47FF-B784-B649BFAABD81}.Debug|Any CPU.Build.0 = Debug|Any CPU
		{4BC966D4-2EC0-47FF-B784-B649BFAABD81}.Release|Any CPU.ActiveCfg = Release|Any CPU
		{4BC966D4-2EC0-47FF-B784-B649BFAABD81}.Release|Any CPU.Build.0 = Release|Any CPU
	EndGlobalSection
	GlobalSection(SolutionProperties) = preSolution
		HideSolutionNode = FALSE
	EndGlobalSection
EndGlobal
