
Microsoft Visual Studio Solution File, Format Version 10.00
# Visual Studio 2008
Project("{FAE04EC0-301F-11D3-BF4B-00C04F79EFBC}") = "SolrNet", "SolrNet\SolrNet.csproj", "{CEEB8690-3E08-4440-B647-787A58E71CFA}"
EndProject
Project("{FAE04EC0-301F-11D3-BF4B-00C04F79EFBC}") = "SolrNet.Tests", "SolrNet.Tests\SolrNet.Tests.csproj", "{F3FE6EF5-CF5C-4461-8691-4A498A463FD5}"
EndProject
Project("{FAE04EC0-301F-11D3-BF4B-00C04F79EFBC}") = "HttpWebAdapters", "HttpWebAdapters\HttpWebAdapters.csproj", "{AE7D2A46-3F67-4986-B04B-7DCE79A549A5}"
EndProject
Project("{FAE04EC0-301F-11D3-BF4B-00C04F79EFBC}") = "SolrNet.DSL", "SolrNet.DSL\SolrNet.DSL.csproj", "{385E2EC3-885B-43D5-A86B-955692058BA0}"
EndProject
Project("{FAE04EC0-301F-11D3-BF4B-00C04F79EFBC}") = "SolrNet.DSL.Tests", "SolrNet.DSL.Tests\SolrNet.DSL.Tests.csproj", "{58FA9DC2-97C8-4B2A-892E-B1617854401D}"
EndProject
Project("{FAE04EC0-301F-11D3-BF4B-00C04F79EFBC}") = "Castle.Facilities.SolrNetIntegration", "Castle.Facilities.SolrNetIntegration\Castle.Facilities.SolrNetIntegration.csproj", "{0F21F5B6-5986-4301-B0F7-FD9800DB8091}"
EndProject
Project("{FAE04EC0-301F-11D3-BF4B-00C04F79EFBC}") = "Castle.Facilities.SolrNetIntegration.Tests", "Castle.Facilities.SolrNetIntegration.Tests\Castle.Facilities.SolrNetIntegration.Tests.csproj", "{3D3D5F34-2C51-4197-BB11-5D28EFB75E5D}"
EndProject
Project("{FAE04EC0-301F-11D3-BF4B-00C04F79EFBC}") = "SampleSolrApp", "SampleSolrApp\SampleSolrApp.csproj", "{431E8542-B8E4-4F37-8F91-50E8BA4156EA}"
EndProject
Project("{FAE04EC0-301F-11D3-BF4B-00C04F79EFBC}") = "SampleSolrApp.Tests", "SampleSolrApp.Tests\SampleSolrApp.Tests.csproj", "{CBABA824-232A-48B7-BDBF-7F43C64F8EA1}"
EndProject
Global
	GlobalSection(SolutionConfigurationPlatforms) = preSolution
		Debug|Any CPU = Debug|Any CPU
		Release|Any CPU = Release|Any CPU
	EndGlobalSection
	GlobalSection(ProjectConfigurationPlatforms) = postSolution
		{CEEB8690-3E08-4440-B647-787A58E71CFA}.Debug|Any CPU.ActiveCfg = Debug|Any CPU
		{CEEB8690-3E08-4440-B647-787A58E71CFA}.Debug|Any CPU.Build.0 = Debug|Any CPU
		{CEEB8690-3E08-4440-B647-787A58E71CFA}.Release|Any CPU.ActiveCfg = Release|Any CPU
		{CEEB8690-3E08-4440-B647-787A58E71CFA}.Release|Any CPU.Build.0 = Release|Any CPU
		{F3FE6EF5-CF5C-4461-8691-4A498A463FD5}.Debug|Any CPU.ActiveCfg = Debug|Any CPU
		{F3FE6EF5-CF5C-4461-8691-4A498A463FD5}.Debug|Any CPU.Build.0 = Debug|Any CPU
		{F3FE6EF5-CF5C-4461-8691-4A498A463FD5}.Release|Any CPU.ActiveCfg = Release|Any CPU
		{F3FE6EF5-CF5C-4461-8691-4A498A463FD5}.Release|Any CPU.Build.0 = Release|Any CPU
		{AE7D2A46-3F67-4986-B04B-7DCE79A549A5}.Debug|Any CPU.ActiveCfg = Debug|Any CPU
		{AE7D2A46-3F67-4986-B04B-7DCE79A549A5}.Debug|Any CPU.Build.0 = Debug|Any CPU
		{AE7D2A46-3F67-4986-B04B-7DCE79A549A5}.Release|Any CPU.ActiveCfg = Release|Any CPU
		{AE7D2A46-3F67-4986-B04B-7DCE79A549A5}.Release|Any CPU.Build.0 = Release|Any CPU
		{385E2EC3-885B-43D5-A86B-955692058BA0}.Debug|Any CPU.ActiveCfg = Debug|Any CPU
		{385E2EC3-885B-43D5-A86B-955692058BA0}.Debug|Any CPU.Build.0 = Debug|Any CPU
		{385E2EC3-885B-43D5-A86B-955692058BA0}.Release|Any CPU.ActiveCfg = Release|Any CPU
		{385E2EC3-885B-43D5-A86B-955692058BA0}.Release|Any CPU.Build.0 = Release|Any CPU
		{58FA9DC2-97C8-4B2A-892E-B1617854401D}.Debug|Any CPU.ActiveCfg = Debug|Any CPU
		{58FA9DC2-97C8-4B2A-892E-B1617854401D}.Debug|Any CPU.Build.0 = Debug|Any CPU
		{58FA9DC2-97C8-4B2A-892E-B1617854401D}.Release|Any CPU.ActiveCfg = Release|Any CPU
		{58FA9DC2-97C8-4B2A-892E-B1617854401D}.Release|Any CPU.Build.0 = Release|Any CPU
		{0F21F5B6-5986-4301-B0F7-FD9800DB8091}.Debug|Any CPU.ActiveCfg = Debug|Any CPU
		{0F21F5B6-5986-4301-B0F7-FD9800DB8091}.Debug|Any CPU.Build.0 = Debug|Any CPU
		{0F21F5B6-5986-4301-B0F7-FD9800DB8091}.Release|Any CPU.ActiveCfg = Release|Any CPU
		{0F21F5B6-5986-4301-B0F7-FD9800DB8091}.Release|Any CPU.Build.0 = Release|Any CPU
		{3D3D5F34-2C51-4197-BB11-5D28EFB75E5D}.Debug|Any CPU.ActiveCfg = Debug|Any CPU
		{3D3D5F34-2C51-4197-BB11-5D28EFB75E5D}.Debug|Any CPU.Build.0 = Debug|Any CPU
		{3D3D5F34-2C51-4197-BB11-5D28EFB75E5D}.Release|Any CPU.ActiveCfg = Release|Any CPU
		{3D3D5F34-2C51-4197-BB11-5D28EFB75E5D}.Release|Any CPU.Build.0 = Release|Any CPU
		{431E8542-B8E4-4F37-8F91-50E8BA4156EA}.Debug|Any CPU.ActiveCfg = Debug|Any CPU
		{431E8542-B8E4-4F37-8F91-50E8BA4156EA}.Debug|Any CPU.Build.0 = Debug|Any CPU
		{431E8542-B8E4-4F37-8F91-50E8BA4156EA}.Release|Any CPU.ActiveCfg = Release|Any CPU
		{431E8542-B8E4-4F37-8F91-50E8BA4156EA}.Release|Any CPU.Build.0 = Release|Any CPU
		{CBABA824-232A-48B7-BDBF-7F43C64F8EA1}.Debug|Any CPU.ActiveCfg = Debug|Any CPU
		{CBABA824-232A-48B7-BDBF-7F43C64F8EA1}.Debug|Any CPU.Build.0 = Debug|Any CPU
		{CBABA824-232A-48B7-BDBF-7F43C64F8EA1}.Release|Any CPU.ActiveCfg = Release|Any CPU
		{CBABA824-232A-48B7-BDBF-7F43C64F8EA1}.Release|Any CPU.Build.0 = Release|Any CPU
	EndGlobalSection
	GlobalSection(SolutionProperties) = preSolution
		HideSolutionNode = FALSE
	EndGlobalSection
EndGlobal
