
Microsoft Visual Studio Solution File, Format Version 11.00
# Visual Studio 2010
Project("{FAE04EC0-301F-11D3-BF4B-00C04F79EFBC}") = "SampleSolrApp", "SampleSolrApp.csproj", "{431E8542-B8E4-4F37-8F91-50E8BA4156EA}"
EndProject
Global
	GlobalSection(SolutionConfigurationPlatforms) = preSolution
		Debug|Any CPU = Debug|Any CPU
		Release|Any CPU = Release|Any CPU
	EndGlobalSection
	GlobalSection(ProjectConfigurationPlatforms) = postSolution
		{431E8542-B8E4-4F37-8F91-50E8BA4156EA}.Debug|Any CPU.ActiveCfg = Debug|Any CPU
		{431E8542-B8E4-4F37-8F91-50E8BA4156EA}.Debug|Any CPU.Build.0 = Debug|Any CPU
		{431E8542-B8E4-4F37-8F91-50E8BA4156EA}.Release|Any CPU.ActiveCfg = Release|Any CPU
		{431E8542-B8E4-4F37-8F91-50E8BA4156EA}.Release|Any CPU.Build.0 = Release|Any CPU
	EndGlobalSection
	GlobalSection(SolutionProperties) = preSolution
		HideSolutionNode = FALSE
	EndGlobalSection
EndGlobal
